// !$*UTF8*$!
{
	archiveVersion = 1;
	classes = {
	};
	objectVersion = 50;
	objects = {

/* Begin PBXBuildFile section */
		111CA604273EEC6500054A4D /* NewViewController.swift in Sources */ = {isa = PBXBuildFile; fileRef = 111CA603273EEC6500054A4D /* NewViewController.swift */; };
		111CA608273FACE600054A4D /* LeagueVC.swift in Sources */ = {isa = PBXBuildFile; fileRef = 111CA607273FACE600054A4D /* LeagueVC.swift */; };
		111CA60A273FAD1700054A4D /* SkillVC.swift in Sources */ = {isa = PBXBuildFile; fileRef = 111CA609273FAD1700054A4D /* SkillVC.swift */; };
		111CA60C273FBA6100054A4D /* Player.swift in Sources */ = {isa = PBXBuildFile; fileRef = 111CA60B273FBA6100054A4D /* Player.swift */; };
		116AFE9927169EF8000554FF /* AppDelegate.swift in Sources */ = {isa = PBXBuildFile; fileRef = 116AFE9827169EF8000554FF /* AppDelegate.swift */; };
		116AFE9B27169EF8000554FF /* SceneDelegate.swift in Sources */ = {isa = PBXBuildFile; fileRef = 116AFE9A27169EF8000554FF /* SceneDelegate.swift */; };
		116AFE9D27169EF8000554FF /* WelcomeVC.swift in Sources */ = {isa = PBXBuildFile; fileRef = 116AFE9C27169EF8000554FF /* WelcomeVC.swift */; };
		116AFEA027169EF8000554FF /* Main.storyboard in Resources */ = {isa = PBXBuildFile; fileRef = 116AFE9E27169EF8000554FF /* Main.storyboard */; };
		116AFEA227169EFA000554FF /* Assets.xcassets in Resources */ = {isa = PBXBuildFile; fileRef = 116AFEA127169EFA000554FF /* Assets.xcassets */; };
		116AFEA527169EFA000554FF /* LaunchScreen.storyboard in Resources */ = {isa = PBXBuildFile; fileRef = 116AFEA327169EFA000554FF /* LaunchScreen.storyboard */; };
		11971F7A271946CA00ABF531 /* BorderButton.swift in Sources */ = {isa = PBXBuildFile; fileRef = 11971F79271946CA00ABF531 /* BorderButton.swift */; };
/* End PBXBuildFile section */

/* Begin PBXFileReference section */
		111CA603273EEC6500054A4D /* NewViewController.swift */ = {isa = PBXFileReference; lastKnownFileType = sourcecode.swift; path = NewViewController.swift; sourceTree = "<group>"; };
		111CA607273FACE600054A4D /* LeagueVC.swift */ = {isa = PBXFileReference; lastKnownFileType = sourcecode.swift; path = LeagueVC.swift; sourceTree = "<group>"; };
		111CA609273FAD1700054A4D /* SkillVC.swift */ = {isa = PBXFileReference; lastKnownFileType = sourcecode.swift; path = SkillVC.swift; sourceTree = "<group>"; };
		111CA60B273FBA6100054A4D /* Player.swift */ = {isa = PBXFileReference; lastKnownFileType = sourcecode.swift; path = Player.swift; sourceTree = "<group>"; };
		116AFE9527169EF8000554FF /* App-swoosh.app */ = {isa = PBXFileReference; explicitFileType = wrapper.application; includeInIndex = 0; path = "App-swoosh.app"; sourceTree = BUILT_PRODUCTS_DIR; };
		116AFE9827169EF8000554FF /* AppDelegate.swift */ = {isa = PBXFileReference; lastKnownFileType = sourcecode.swift; path = AppDelegate.swift; sourceTree = "<group>"; };
		116AFE9A27169EF8000554FF /* SceneDelegate.swift */ = {isa = PBXFileReference; lastKnownFileType = sourcecode.swift; path = SceneDelegate.swift; sourceTree = "<group>"; };
		116AFE9C27169EF8000554FF /* WelcomeVC.swift */ = {isa = PBXFileReference; lastKnownFileType = sourcecode.swift; path = WelcomeVC.swift; sourceTree = "<group>"; };
		116AFE9F27169EF8000554FF /* Base */ = {isa = PBXFileReference; lastKnownFileType = file.storyboard; name = Base; path = Base.lproj/Main.storyboard; sourceTree = "<group>"; };
		116AFEA127169EFA000554FF /* Assets.xcassets */ = {isa = PBXFileReference; lastKnownFileType = folder.assetcatalog; path = Assets.xcassets; sourceTree = "<group>"; };
		116AFEA427169EFA000554FF /* Base */ = {isa = PBXFileReference; lastKnownFileType = file.storyboard; name = Base; path = Base.lproj/LaunchScreen.storyboard; sourceTree = "<group>"; };
		116AFEA627169EFA000554FF /* Info.plist */ = {isa = PBXFileReference; lastKnownFileType = text.plist.xml; path = Info.plist; sourceTree = "<group>"; };
		11971F79271946CA00ABF531 /* BorderButton.swift */ = {isa = PBXFileReference; lastKnownFileType = sourcecode.swift; path = BorderButton.swift; sourceTree = "<group>"; };
/* End PBXFileReference section */

/* Begin PBXFrameworksBuildPhase section */
		116AFE9227169EF8000554FF /* Frameworks */ = {
			isa = PBXFrameworksBuildPhase;
			buildActionMask = 2147483647;
			files = (
			);
			runOnlyForDeploymentPostprocessing = 0;
		};
/* End PBXFrameworksBuildPhase section */

/* Begin PBXGroup section */
		111CA605273FABB600054A4D /* Controller */ = {
			isa = PBXGroup;
			children = (
				116AFE9C27169EF8000554FF /* WelcomeVC.swift */,
				111CA603273EEC6500054A4D /* NewViewController.swift */,
				111CA607273FACE600054A4D /* LeagueVC.swift */,
				111CA609273FAD1700054A4D /* SkillVC.swift */,
			);
			path = Controller;
			sourceTree = "<group>";
		};
		111CA606273FABD300054A4D /* Model */ = {
			isa = PBXGroup;
			children = (
				111CA60B273FBA6100054A4D /* Player.swift */,
			);
			path = Model;
			sourceTree = "<group>";
		};
		116AFE8C27169EF8000554FF = {
			isa = PBXGroup;
			children = (
				116AFE9727169EF8000554FF /* App-swoosh */,
				116AFE9627169EF8000554FF /* Products */,
			);
			sourceTree = "<group>";
		};
		116AFE9627169EF8000554FF /* Products */ = {
			isa = PBXGroup;
			children = (
				116AFE9527169EF8000554FF /* App-swoosh.app */,
			);
			name = Products;
			sourceTree = "<group>";
		};
		116AFE9727169EF8000554FF /* App-swoosh */ = {
			isa = PBXGroup;
			children = (
				111CA606273FABD300054A4D /* Model */,
				111CA605273FABB600054A4D /* Controller */,
				11971F782719454E00ABF531 /* View */,
				116AFE9827169EF8000554FF /* AppDelegate.swift */,
				116AFE9A27169EF8000554FF /* SceneDelegate.swift */,
				116AFE9E27169EF8000554FF /* Main.storyboard */,
				116AFEA127169EFA000554FF /* Assets.xcassets */,
				116AFEA327169EFA000554FF /* LaunchScreen.storyboard */,
				116AFEA627169EFA000554FF /* Info.plist */,
			);
			path = "App-swoosh";
			sourceTree = "<group>";
		};
		11971F782719454E00ABF531 /* View */ = {
			isa = PBXGroup;
			children = (
				11971F79271946CA00ABF531 /* BorderButton.swift */,
			);
			path = View;
			sourceTree = "<group>";
		};
/* End PBXGroup section */

/* Begin PBXNativeTarget section */
		116AFE9427169EF8000554FF /* App-swoosh */ = {
			isa = PBXNativeTarget;
			buildConfigurationList = 116AFEA927169EFA000554FF /* Build configuration list for PBXNativeTarget "App-swoosh" */;
			buildPhases = (
				116AFE9127169EF8000554FF /* Sources */,
				116AFE9227169EF8000554FF /* Frameworks */,
				116AFE9327169EF8000554FF /* Resources */,
			);
			buildRules = (
			);
			dependencies = (
			);
			name = "App-swoosh";
			productName = "App-swoosh";
			productReference = 116AFE9527169EF8000554FF /* App-swoosh.app */;
			productType = "com.apple.product-type.application";
		};
/* End PBXNativeTarget section */

/* Begin PBXProject section */
		116AFE8D27169EF8000554FF /* Project object */ = {
			isa = PBXProject;
			attributes = {
				LastSwiftUpdateCheck = 1250;
				LastUpgradeCheck = 1250;
				TargetAttributes = {
					116AFE9427169EF8000554FF = {
						CreatedOnToolsVersion = 12.5.1;
					};
				};
			};
			buildConfigurationList = 116AFE9027169EF8000554FF /* Build configuration list for PBXProject "App-swoosh" */;
			compatibilityVersion = "Xcode 9.3";
			developmentRegion = en;
			hasScannedForEncodings = 0;
			knownRegions = (
				en,
				Base,
			);
			mainGroup = 116AFE8C27169EF8000554FF;
			productRefGroup = 116AFE9627169EF8000554FF /* Products */;
			projectDirPath = "";
			projectRoot = "";
			targets = (
				116AFE9427169EF8000554FF /* App-swoosh */,
			);
		};
/* End PBXProject section */

/* Begin PBXResourcesBuildPhase section */
		116AFE9327169EF8000554FF /* Resources */ = {
			isa = PBXResourcesBuildPhase;
			buildActionMask = 2147483647;
			files = (
				116AFEA527169EFA000554FF /* LaunchScreen.storyboard in Resources */,
				116AFEA227169EFA000554FF /* Assets.xcassets in Resources */,
				116AFEA027169EF8000554FF /* Main.storyboard in Resources */,
			);
			runOnlyForDeploymentPostprocessing = 0;
		};
/* End PBXResourcesBuildPhase section */

/* Begin PBXSourcesBuildPhase section */
		116AFE9127169EF8000554FF /* Sources */ = {
			isa = PBXSourcesBuildPhase;
			buildActionMask = 2147483647;
			files = (
				116AFE9D27169EF8000554FF /* WelcomeVC.swift in Sources */,
				111CA60A273FAD1700054A4D /* SkillVC.swift in Sources */,
				116AFE9927169EF8000554FF /* AppDelegate.swift in Sources */,
				111CA604273EEC6500054A4D /* NewViewController.swift in Sources */,
				111CA60C273FBA6100054A4D /* Player.swift in Sources */,
				116AFE9B27169EF8000554FF /* SceneDelegate.swift in Sources */,
				11971F7A271946CA00ABF531 /* BorderButton.swift in Sources */,
				111CA608273FACE600054A4D /* LeagueVC.swift in Sources */,
			);
			runOnlyForDeploymentPostprocessing = 0;
		};
/* End PBXSourcesBuildPhase section */

/* Begin PBXVariantGroup section */
		116AFE9E27169EF8000554FF /* Main.storyboard */ = {
			isa = PBXVariantGroup;
			children = (
				116AFE9F27169EF8000554FF /* Base */,
			);
			name = Main.storyboard;
			sourceTree = "<group>";
		};
		116AFEA327169EFA000554FF /* LaunchScreen.storyboard */ = {
			isa = PBXVariantGroup;
			children = (
				116AFEA427169EFA000554FF /* Base */,
			);
			name = LaunchScreen.storyboard;
			sourceTree = "<group>";
		};
/* End PBXVariantGroup section */

/* Begin XCBuildConfiguration section */
		116AFEA727169EFA000554FF /* Debug */ = {
			isa = XCBuildConfiguration;
			buildSettings = {
				ALWAYS_SEARCH_USER_PATHS = NO;
				CLANG_ANALYZER_NONNULL = YES;
				CLANG_ANALYZER_NUMBER_OBJECT_CONVERSION = YES_AGGRESSIVE;
				CLANG_CXX_LANGUAGE_STANDARD = "gnu++14";
				CLANG_CXX_LIBRARY = "libc++";
				CLANG_ENABLE_MODULES = YES;
				CLANG_ENABLE_OBJC_ARC = YES;
				CLANG_ENABLE_OBJC_WEAK = YES;
				CLANG_WARN_BLOCK_CAPTURE_AUTORELEASING = YES;
				CLANG_WARN_BOOL_CONVERSION = YES;
				CLANG_WARN_COMMA = YES;
				CLANG_WARN_CONSTANT_CONVERSION = YES;
				CLANG_WARN_DEPRECATED_OBJC_IMPLEMENTATIONS = YES;
				CLANG_WARN_DIRECT_OBJC_ISA_USAGE = YES_ERROR;
				CLANG_WARN_DOCUMENTATION_COMMENTS = YES;
				CLANG_WARN_EMPTY_BODY = YES;
				CLANG_WARN_ENUM_CONVERSION = YES;
				CLANG_WARN_INFINITE_RECURSION = YES;
				CLANG_WARN_INT_CONVERSION = YES;
				CLANG_WARN_NON_LITERAL_NULL_CONVERSION = YES;
				CLANG_WARN_OBJC_IMPLICIT_RETAIN_SELF = YES;
				CLANG_WARN_OBJC_LITERAL_CONVERSION = YES;
				CLANG_WARN_OBJC_ROOT_CLASS = YES_ERROR;
				CLANG_WARN_QUOTED_INCLUDE_IN_FRAMEWORK_HEADER = YES;
				CLANG_WARN_RANGE_LOOP_ANALYSIS = YES;
				CLANG_WARN_STRICT_PROTOTYPES = YES;
				CLANG_WARN_SUSPICIOUS_MOVE = YES;
				CLANG_WARN_UNGUARDED_AVAILABILITY = YES_AGGRESSIVE;
				CLANG_WARN_UNREACHABLE_CODE = YES;
				CLANG_WARN__DUPLICATE_METHOD_MATCH = YES;
				COPY_PHASE_STRIP = NO;
				DEBUG_INFORMATION_FORMAT = dwarf;
				ENABLE_STRICT_OBJC_MSGSEND = YES;
				ENABLE_TESTABILITY = YES;
				GCC_C_LANGUAGE_STANDARD = gnu11;
				GCC_DYNAMIC_NO_PIC = NO;
				GCC_NO_COMMON_BLOCKS = YES;
				GCC_OPTIMIZATION_LEVEL = 0;
				GCC_PREPROCESSOR_DEFINITIONS = (
					"DEBUG=1",
					"$(inherited)",
				);
				GCC_WARN_64_TO_32_BIT_CONVERSION = YES;
				GCC_WARN_ABOUT_RETURN_TYPE = YES_ERROR;
				GCC_WARN_UNDECLARED_SELECTOR = YES;
				GCC_WARN_UNINITIALIZED_AUTOS = YES_AGGRESSIVE;
				GCC_WARN_UNUSED_FUNCTION = YES;
				GCC_WARN_UNUSED_VARIABLE = YES;
				IPHONEOS_DEPLOYMENT_TARGET = 14.5;
				MTL_ENABLE_DEBUG_INFO = INCLUDE_SOURCE;
				MTL_FAST_MATH = YES;
				ONLY_ACTIVE_ARCH = YES;
				SDKROOT = iphoneos;
				SWIFT_ACTIVE_COMPILATION_CONDITIONS = DEBUG;
				SWIFT_OPTIMIZATION_LEVEL = "-Onone";
			};
			name = Debug;
		};
		116AFEA827169EFA000554FF /* Release */ = {
			isa = XCBuildConfiguration;
			buildSettings = {
				ALWAYS_SEARCH_USER_PATHS = NO;
				CLANG_ANALYZER_NONNULL = YES;
				CLANG_ANALYZER_NUMBER_OBJECT_CONVERSION = YES_AGGRESSIVE;
				CLANG_CXX_LANGUAGE_STANDARD = "gnu++14";
				CLANG_CXX_LIBRARY = "libc++";
				CLANG_ENABLE_MODULES = YES;
				CLANG_ENABLE_OBJC_ARC = YES;
				CLANG_ENABLE_OBJC_WEAK = YES;
				CLANG_WARN_BLOCK_CAPTURE_AUTORELEASING = YES;
				CLANG_WARN_BOOL_CONVERSION = YES;
				CLANG_WARN_COMMA = YES;
				CLANG_WARN_CONSTANT_CONVERSION = YES;
				CLANG_WARN_DEPRECATED_OBJC_IMPLEMENTATIONS = YES;
				CLANG_WARN_DIRECT_OBJC_ISA_USAGE = YES_ERROR;
				CLANG_WARN_DOCUMENTATION_COMMENTS = YES;
				CLANG_WARN_EMPTY_BODY = YES;
				CLANG_WARN_ENUM_CONVERSION = YES;
				CLANG_WARN_INFINITE_RECURSION = YES;
				CLANG_WARN_INT_CONVERSION = YES;
				CLANG_WARN_NON_LITERAL_NULL_CONVERSION = YES;
				CLANG_WARN_OBJC_IMPLICIT_RETAIN_SELF = YES;
				CLANG_WARN_OBJC_LITERAL_CONVERSION = YES;
				CLANG_WARN_OBJC_ROOT_CLASS = YES_ERROR;
				CLANG_WARN_QUOTED_INCLUDE_IN_FRAMEWORK_HEADER = YES;
				CLANG_WARN_RANGE_LOOP_ANALYSIS = YES;
				CLANG_WARN_STRICT_PROTOTYPES = YES;
				CLANG_WARN_SUSPICIOUS_MOVE = YES;
				CLANG_WARN_UNGUARDED_AVAILABILITY = YES_AGGRESSIVE;
				CLANG_WARN_UNREACHABLE_CODE = YES;
				CLANG_WARN__DUPLICATE_METHOD_MATCH = YES;
				COPY_PHASE_STRIP = NO;
				DEBUG_INFORMATION_FORMAT = "dwarf-with-dsym";
				ENABLE_NS_ASSERTIONS = NO;
				ENABLE_STRICT_OBJC_MSGSEND = YES;
				GCC_C_LANGUAGE_STANDARD = gnu11;
				GCC_NO_COMMON_BLOCKS = YES;
				GCC_WARN_64_TO_32_BIT_CONVERSION = YES;
				GCC_WARN_ABOUT_RETURN_TYPE = YES_ERROR;
				GCC_WARN_UNDECLARED_SELECTOR = YES;
				GCC_WARN_UNINITIALIZED_AUTOS = YES_AGGRESSIVE;
				GCC_WARN_UNUSED_FUNCTION = YES;
				GCC_WARN_UNUSED_VARIABLE = YES;
				IPHONEOS_DEPLOYMENT_TARGET = 14.5;
				MTL_ENABLE_DEBUG_INFO = NO;
				MTL_FAST_MATH = YES;
				SDKROOT = iphoneos;
				SWIFT_COMPILATION_MODE = wholemodule;
				SWIFT_OPTIMIZATION_LEVEL = "-O";
				VALIDATE_PRODUCT = YES;
			};
			name = Release;
		};
		116AFEAA27169EFA000554FF /* Debug */ = {
			isa = XCBuildConfiguration;
			buildSettings = {
				ASSETCATALOG_COMPILER_APPICON_NAME = AppIcon;
				ASSETCATALOG_COMPILER_GLOBAL_ACCENT_COLOR_NAME = AccentColor;
				CODE_SIGN_STYLE = Automatic;
				DEVELOPMENT_TEAM = HWG25L3MNF;
				INFOPLIST_FILE = "App-swoosh/Info.plist";
				IPHONEOS_DEPLOYMENT_TARGET = 13.6;
				LD_RUNPATH_SEARCH_PATHS = (
					"$(inherited)",
					"@executable_path/Frameworks",
				);
				PRODUCT_BUNDLE_IDENTIFIER = "com.Example-4.App-swoosh";
				PRODUCT_NAME = "$(TARGET_NAME)";
				SWIFT_VERSION = 5.0;
				TARGETED_DEVICE_FAMILY = "1,2";
			};
			name = Debug;
		};
		116AFEAB27169EFA000554FF /* Release */ = {
			isa = XCBuildConfiguration;
			buildSettings = {
				ASSETCATALOG_COMPILER_APPICON_NAME = AppIcon;
				ASSETCATALOG_COMPILER_GLOBAL_ACCENT_COLOR_NAME = AccentColor;
				CODE_SIGN_STYLE = Automatic;
				DEVELOPMENT_TEAM = HWG25L3MNF;
				INFOPLIST_FILE = "App-swoosh/Info.plist";
				IPHONEOS_DEPLOYMENT_TARGET = 13.6;
				LD_RUNPATH_SEARCH_PATHS = (
					"$(inherited)",
					"@executable_path/Frameworks",
				);
				PRODUCT_BUNDLE_IDENTIFIER = "com.Example-4.App-swoosh";
				PRODUCT_NAME = "$(TARGET_NAME)";
				SWIFT_VERSION = 5.0;
				TARGETED_DEVICE_FAMILY = "1,2";
			};
			name = Release;
		};
/* End XCBuildConfiguration section */

/* Begin XCConfigurationList section */
		116AFE9027169EF8000554FF /* Build configuration list for PBXProject "App-swoosh" */ = {
			isa = XCConfigurationList;
			buildConfigurations = (
				116AFEA727169EFA000554FF /* Debug */,
				116AFEA827169EFA000554FF /* Release */,
			);
			defaultConfigurationIsVisible = 0;
			defaultConfigurationName = Release;
		};
		116AFEA927169EFA000554FF /* Build configuration list for PBXNativeTarget "App-swoosh" */ = {
			isa = XCConfigurationList;
			buildConfigurations = (
				116AFEAA27169EFA000554FF /* Debug */,
				116AFEAB27169EFA000554FF /* Release */,
			);
			defaultConfigurationIsVisible = 0;
			defaultConfigurationName = Release;
		};
/* End XCConfigurationList section */
	};
	rootObject = 116AFE8D27169EF8000554FF /* Project object */;
}
